
Microsoft Visual Studio Solution File, Format Version 12.00
# Visual Studio Version 17
VisualStudioVersion = 17.3.32922.545
MinimumVisualStudioVersion = 10.0.40219.1
Project("{FAE04EC0-301F-11D3-BF4B-00C04F79EFBC}") = "PushCart.API", "PushCart.API\PushCart.API.csproj", "{03C33482-129C-4DA2-9CC3-8436497BB8C2}"
EndProject
Global
	GlobalSection(SolutionConfigurationPlatforms) = preSolution
		Debug|Any CPU = Debug|Any CPU
		Release|Any CPU = Release|Any CPU
	EndGlobalSection
	GlobalSection(ProjectConfigurationPlatforms) = postSolution
		{03C33482-129C-4DA2-9CC3-8436497BB8C2}.Debug|Any CPU.ActiveCfg = Debug|Any CPU
		{03C33482-129C-4DA2-9CC3-8436497BB8C2}.Debug|Any CPU.Build.0 = Debug|Any CPU
		{03C33482-129C-4DA2-9CC3-8436497BB8C2}.Release|Any CPU.ActiveCfg = Release|Any CPU
		{03C33482-129C-4DA2-9CC3-8436497BB8C2}.Release|Any CPU.Build.0 = Release|Any CPU
	EndGlobalSection
	GlobalSection(SolutionProperties) = preSolution
		HideSolutionNode = FALSE
	EndGlobalSection
	GlobalSection(ExtensibilityGlobals) = postSolution
		SolutionGuid = {4BCDEBF9-2918-43B0-AB7E-863D9648674B}
	EndGlobalSection
EndGlobal
